
Microsoft Visual Studio Solution File, Format Version 12.00
# Visual Studio Version 17
VisualStudioVersion = 17.7.34031.279
MinimumVisualStudioVersion = 10.0.40219.1
Project("{FAE04EC0-301F-11D3-BF4B-00C04F79EFBC}") = "api", "api.csproj", "{C9805A29-5524-4A16-A822-FD041B8FAC22}"
EndProject
Global
	GlobalSection(SolutionConfigurationPlatforms) = preSolution
		Debug|Any CPU = Debug|Any CPU
		Release|Any CPU = Release|Any CPU
	EndGlobalSection
	GlobalSection(ProjectConfigurationPlatforms) = postSolution
		{C9805A29-5524-4A16-A822-FD041B8FAC22}.Debug|Any CPU.ActiveCfg = Debug|Any CPU
		{C9805A29-5524-4A16-A822-FD041B8FAC22}.Debug|Any CPU.Build.0 = Debug|Any CPU
		{C9805A29-5524-4A16-A822-FD041B8FAC22}.Release|Any CPU.ActiveCfg = Release|Any CPU
		{C9805A29-5524-4A16-A822-FD041B8FAC22}.Release|Any CPU.Build.0 = Release|Any CPU
	EndGlobalSection
	GlobalSection(SolutionProperties) = preSolution
		HideSolutionNode = FALSE
	EndGlobalSection
	GlobalSection(ExtensibilityGlobals) = postSolution
		SolutionGuid = {67B685C7-B5A3-4357-8DE7-977B408055ED}
	EndGlobalSection
EndGlobal
